// !$*UTF8*$!
{
	archiveVersion = 1;
	classes = {
	};
	objectVersion = 50;
	objects = {

/* Begin PBXBuildFile section */
		5C7D9CE621771E3F0011C9E5 /* AppDelegate.swift in Sources */ = {isa = PBXBuildFile; fileRef = 5C7D9CE521771E3F0011C9E5 /* AppDelegate.swift */; };
		5C7D9CE821771E3F0011C9E5 /* ViewController.swift in Sources */ = {isa = PBXBuildFile; fileRef = 5C7D9CE721771E3F0011C9E5 /* ViewController.swift */; };
		5C7D9CEB21771E3F0011C9E5 /* Main.storyboard in Resources */ = {isa = PBXBuildFile; fileRef = 5C7D9CE921771E3F0011C9E5 /* Main.storyboard */; };
		5C7D9CED21771E410011C9E5 /* Assets.xcassets in Resources */ = {isa = PBXBuildFile; fileRef = 5C7D9CEC21771E410011C9E5 /* Assets.xcassets */; };
		5C7D9CF021771E410011C9E5 /* LaunchScreen.storyboard in Resources */ = {isa = PBXBuildFile; fileRef = 5C7D9CEE21771E410011C9E5 /* LaunchScreen.storyboard */; };
		5C7D9CFB21771E410011C9E5 /* SampleCollectionVIewTests.swift in Sources */ = {isa = PBXBuildFile; fileRef = 5C7D9CFA21771E410011C9E5 /* SampleCollectionVIewTests.swift */; };
		5C7D9D0621771E410011C9E5 /* SampleCollectionVIewUITests.swift in Sources */ = {isa = PBXBuildFile; fileRef = 5C7D9D0521771E410011C9E5 /* SampleCollectionVIewUITests.swift */; };
/* End PBXBuildFile section */

/* Begin PBXContainerItemProxy section */
		5C7D9CF721771E410011C9E5 /* PBXContainerItemProxy */ = {
			isa = PBXContainerItemProxy;
			containerPortal = 5C7D9CDA21771E3F0011C9E5 /* Project object */;
			proxyType = 1;
			remoteGlobalIDString = 5C7D9CE121771E3F0011C9E5;
			remoteInfo = SampleCollectionVIew;
		};
		5C7D9D0221771E410011C9E5 /* PBXContainerItemProxy */ = {
			isa = PBXContainerItemProxy;
			containerPortal = 5C7D9CDA21771E3F0011C9E5 /* Project object */;
			proxyType = 1;
			remoteGlobalIDString = 5C7D9CE121771E3F0011C9E5;
			remoteInfo = SampleCollectionVIew;
		};
/* End PBXContainerItemProxy section */

/* Begin PBXFileReference section */
		5C7D9CE221771E3F0011C9E5 /* SampleCollectionVIew.app */ = {isa = PBXFileReference; explicitFileType = wrapper.application; includeInIndex = 0; path = SampleCollectionVIew.app; sourceTree = BUILT_PRODUCTS_DIR; };
		5C7D9CE521771E3F0011C9E5 /* AppDelegate.swift */ = {isa = PBXFileReference; lastKnownFileType = sourcecode.swift; path = AppDelegate.swift; sourceTree = "<group>"; };
		5C7D9CE721771E3F0011C9E5 /* ViewController.swift */ = {isa = PBXFileReference; lastKnownFileType = sourcecode.swift; path = ViewController.swift; sourceTree = "<group>"; };
		5C7D9CEA21771E3F0011C9E5 /* Base */ = {isa = PBXFileReference; lastKnownFileType = file.storyboard; name = Base; path = Base.lproj/Main.storyboard; sourceTree = "<group>"; };
		5C7D9CEC21771E410011C9E5 /* Assets.xcassets */ = {isa = PBXFileReference; lastKnownFileType = folder.assetcatalog; path = Assets.xcassets; sourceTree = "<group>"; };
		5C7D9CEF21771E410011C9E5 /* Base */ = {isa = PBXFileReference; lastKnownFileType = file.storyboard; name = Base; path = Base.lproj/LaunchScreen.storyboard; sourceTree = "<group>"; };
		5C7D9CF121771E410011C9E5 /* Info.plist */ = {isa = PBXFileReference; lastKnownFileType = text.plist.xml; path = Info.plist; sourceTree = "<group>"; };
		5C7D9CF621771E410011C9E5 /* SampleCollectionVIewTests.xctest */ = {isa = PBXFileReference; explicitFileType = wrapper.cfbundle; includeInIndex = 0; path = SampleCollectionVIewTests.xctest; sourceTree = BUILT_PRODUCTS_DIR; };
		5C7D9CFA21771E410011C9E5 /* SampleCollectionVIewTests.swift */ = {isa = PBXFileReference; lastKnownFileType = sourcecode.swift; path = SampleCollectionVIewTests.swift; sourceTree = "<group>"; };
		5C7D9CFC21771E410011C9E5 /* Info.plist */ = {isa = PBXFileReference; lastKnownFileType = text.plist.xml; path = Info.plist; sourceTree = "<group>"; };
		5C7D9D0121771E410011C9E5 /* SampleCollectionVIewUITests.xctest */ = {isa = PBXFileReference; explicitFileType = wrapper.cfbundle; includeInIndex = 0; path = SampleCollectionVIewUITests.xctest; sourceTree = BUILT_PRODUCTS_DIR; };
		5C7D9D0521771E410011C9E5 /* SampleCollectionVIewUITests.swift */ = {isa = PBXFileReference; lastKnownFileType = sourcecode.swift; path = SampleCollectionVIewUITests.swift; sourceTree = "<group>"; };
		5C7D9D0721771E410011C9E5 /* Info.plist */ = {isa = PBXFileReference; lastKnownFileType = text.plist.xml; path = Info.plist; sourceTree = "<group>"; };
/* End PBXFileReference section */

/* Begin PBXFrameworksBuildPhase section */
		5C7D9CDF21771E3F0011C9E5 /* Frameworks */ = {
			isa = PBXFrameworksBuildPhase;
			buildActionMask = 2147483647;
			files = (
			);
			runOnlyForDeploymentPostprocessing = 0;
		};
		5C7D9CF321771E410011C9E5 /* Frameworks */ = {
			isa = PBXFrameworksBuildPhase;
			buildActionMask = 2147483647;
			files = (
			);
			runOnlyForDeploymentPostprocessing = 0;
		};
		5C7D9CFE21771E410011C9E5 /* Frameworks */ = {
			isa = PBXFrameworksBuildPhase;
			buildActionMask = 2147483647;
			files = (
			);
			runOnlyForDeploymentPostprocessing = 0;
		};
/* End PBXFrameworksBuildPhase section */

/* Begin PBXGroup section */
		5C7D9CD921771E3F0011C9E5 = {
			isa = PBXGroup;
			children = (
				5C7D9CE421771E3F0011C9E5 /* SampleCollectionVIew */,
				5C7D9CF921771E410011C9E5 /* SampleCollectionVIewTests */,
				5C7D9D0421771E410011C9E5 /* SampleCollectionVIewUITests */,
				5C7D9CE321771E3F0011C9E5 /* Products */,
			);
			sourceTree = "<group>";
		};
		5C7D9CE321771E3F0011C9E5 /* Products */ = {
			isa = PBXGroup;
			children = (
				5C7D9CE221771E3F0011C9E5 /* SampleCollectionVIew.app */,
				5C7D9CF621771E410011C9E5 /* SampleCollectionVIewTests.xctest */,
				5C7D9D0121771E410011C9E5 /* SampleCollectionVIewUITests.xctest */,
			);
			name = Products;
			sourceTree = "<group>";
		};
		5C7D9CE421771E3F0011C9E5 /* SampleCollectionVIew */ = {
			isa = PBXGroup;
			children = (
				5C7D9CE521771E3F0011C9E5 /* AppDelegate.swift */,
				5C7D9CE721771E3F0011C9E5 /* ViewController.swift */,
				5C7D9CE921771E3F0011C9E5 /* Main.storyboard */,
				5C7D9CEC21771E410011C9E5 /* Assets.xcassets */,
				5C7D9CEE21771E410011C9E5 /* LaunchScreen.storyboard */,
				5C7D9CF121771E410011C9E5 /* Info.plist */,
			);
			path = SampleCollectionVIew;
			sourceTree = "<group>";
		};
		5C7D9CF921771E410011C9E5 /* SampleCollectionVIewTests */ = {
			isa = PBXGroup;
			children = (
				5C7D9CFA21771E410011C9E5 /* SampleCollectionVIewTests.swift */,
				5C7D9CFC21771E410011C9E5 /* Info.plist */,
			);
			path = SampleCollectionVIewTests;
			sourceTree = "<group>";
		};
		5C7D9D0421771E410011C9E5 /* SampleCollectionVIewUITests */ = {
			isa = PBXGroup;
			children = (
				5C7D9D0521771E410011C9E5 /* SampleCollectionVIewUITests.swift */,
				5C7D9D0721771E410011C9E5 /* Info.plist */,
			);
			path = SampleCollectionVIewUITests;
			sourceTree = "<group>";
		};
/* End PBXGroup section */

/* Begin PBXNativeTarget section */
		5C7D9CE121771E3F0011C9E5 /* SampleCollectionVIew */ = {
			isa = PBXNativeTarget;
			buildConfigurationList = 5C7D9D0A21771E410011C9E5 /* Build configuration list for PBXNativeTarget "SampleCollectionVIew" */;
			buildPhases = (
				5C7D9CDE21771E3F0011C9E5 /* Sources */,
				5C7D9CDF21771E3F0011C9E5 /* Frameworks */,
				5C7D9CE021771E3F0011C9E5 /* Resources */,
			);
			buildRules = (
			);
			dependencies = (
			);
			name = SampleCollectionVIew;
			productName = SampleCollectionVIew;
			productReference = 5C7D9CE221771E3F0011C9E5 /* SampleCollectionVIew.app */;
			productType = "com.apple.product-type.application";
		};
		5C7D9CF521771E410011C9E5 /* SampleCollectionVIewTests */ = {
			isa = PBXNativeTarget;
			buildConfigurationList = 5C7D9D0D21771E410011C9E5 /* Build configuration list for PBXNativeTarget "SampleCollectionVIewTests" */;
			buildPhases = (
				5C7D9CF221771E410011C9E5 /* Sources */,
				5C7D9CF321771E410011C9E5 /* Frameworks */,
				5C7D9CF421771E410011C9E5 /* Resources */,
			);
			buildRules = (
			);
			dependencies = (
				5C7D9CF821771E410011C9E5 /* PBXTargetDependency */,
			);
			name = SampleCollectionVIewTests;
			productName = SampleCollectionVIewTests;
			productReference = 5C7D9CF621771E410011C9E5 /* SampleCollectionVIewTests.xctest */;
			productType = "com.apple.product-type.bundle.unit-test";
		};
		5C7D9D0021771E410011C9E5 /* SampleCollectionVIewUITests */ = {
			isa = PBXNativeTarget;
			buildConfigurationList = 5C7D9D1021771E410011C9E5 /* Build configuration list for PBXNativeTarget "SampleCollectionVIewUITests" */;
			buildPhases = (
				5C7D9CFD21771E410011C9E5 /* Sources */,
				5C7D9CFE21771E410011C9E5 /* Frameworks */,
				5C7D9CFF21771E410011C9E5 /* Resources */,
			);
			buildRules = (
			);
			dependencies = (
				5C7D9D0321771E410011C9E5 /* PBXTargetDependency */,
			);
			name = SampleCollectionVIewUITests;
			productName = SampleCollectionVIewUITests;
			productReference = 5C7D9D0121771E410011C9E5 /* SampleCollectionVIewUITests.xctest */;
			productType = "com.apple.product-type.bundle.ui-testing";
		};
/* End PBXNativeTarget section */

/* Begin PBXProject section */
		5C7D9CDA21771E3F0011C9E5 /* Project object */ = {
			isa = PBXProject;
			attributes = {
				LastSwiftUpdateCheck = 1000;
				LastUpgradeCheck = 1000;
				ORGANIZATIONNAME = "宇野 凌平";
				TargetAttributes = {
					5C7D9CE121771E3F0011C9E5 = {
						CreatedOnToolsVersion = 10.0;
					};
					5C7D9CF521771E410011C9E5 = {
						CreatedOnToolsVersion = 10.0;
						TestTargetID = 5C7D9CE121771E3F0011C9E5;
					};
					5C7D9D0021771E410011C9E5 = {
						CreatedOnToolsVersion = 10.0;
						TestTargetID = 5C7D9CE121771E3F0011C9E5;
					};
				};
			};
			buildConfigurationList = 5C7D9CDD21771E3F0011C9E5 /* Build configuration list for PBXProject "SampleCollectionVIew" */;
			compatibilityVersion = "Xcode 9.3";
			developmentRegion = en;
			hasScannedForEncodings = 0;
			knownRegions = (
				en,
				Base,
			);
			mainGroup = 5C7D9CD921771E3F0011C9E5;
			productRefGroup = 5C7D9CE321771E3F0011C9E5 /* Products */;
			projectDirPath = "";
			projectRoot = "";
			targets = (
				5C7D9CE121771E3F0011C9E5 /* SampleCollectionVIew */,
				5C7D9CF521771E410011C9E5 /* SampleCollectionVIewTests */,
				5C7D9D0021771E410011C9E5 /* SampleCollectionVIewUITests */,
			);
		};
/* End PBXProject section */

/* Begin PBXResourcesBuildPhase section */
		5C7D9CE021771E3F0011C9E5 /* Resources */ = {
			isa = PBXResourcesBuildPhase;
			buildActionMask = 2147483647;
			files = (
				5C7D9CF021771E410011C9E5 /* LaunchScreen.storyboard in Resources */,
				5C7D9CED21771E410011C9E5 /* Assets.xcassets in Resources */,
				5C7D9CEB21771E3F0011C9E5 /* Main.storyboard in Resources */,
			);
			runOnlyForDeploymentPostprocessing = 0;
		};
		5C7D9CF421771E410011C9E5 /* Resources */ = {
			isa = PBXResourcesBuildPhase;
			buildActionMask = 2147483647;
			files = (
			);
			runOnlyForDeploymentPostprocessing = 0;
		};
		5C7D9CFF21771E410011C9E5 /* Resources */ = {
			isa = PBXResourcesBuildPhase;
			buildActionMask = 2147483647;
			files = (
			);
			runOnlyForDeploymentPostprocessing = 0;
		};
/* End PBXResourcesBuildPhase section */

/* Begin PBXSourcesBuildPhase section */
		5C7D9CDE21771E3F0011C9E5 /* Sources */ = {
			isa = PBXSourcesBuildPhase;
			buildActionMask = 2147483647;
			files = (
				5C7D9CE821771E3F0011C9E5 /* ViewController.swift in Sources */,
				5C7D9CE621771E3F0011C9E5 /* AppDelegate.swift in Sources */,
			);
			runOnlyForDeploymentPostprocessing = 0;
		};
		5C7D9CF221771E410011C9E5 /* Sources */ = {
			isa = PBXSourcesBuildPhase;
			buildActionMask = 2147483647;
			files = (
				5C7D9CFB21771E410011C9E5 /* SampleCollectionVIewTests.swift in Sources */,
			);
			runOnlyForDeploymentPostprocessing = 0;
		};
		5C7D9CFD21771E410011C9E5 /* Sources */ = {
			isa = PBXSourcesBuildPhase;
			buildActionMask = 2147483647;
			files = (
				5C7D9D0621771E410011C9E5 /* SampleCollectionVIewUITests.swift in Sources */,
			);
			runOnlyForDeploymentPostprocessing = 0;
		};
/* End PBXSourcesBuildPhase section */

/* Begin PBXTargetDependency section */
		5C7D9CF821771E410011C9E5 /* PBXTargetDependency */ = {
			isa = PBXTargetDependency;
			target = 5C7D9CE121771E3F0011C9E5 /* SampleCollectionVIew */;
			targetProxy = 5C7D9CF721771E410011C9E5 /* PBXContainerItemProxy */;
		};
		5C7D9D0321771E410011C9E5 /* PBXTargetDependency */ = {
			isa = PBXTargetDependency;
			target = 5C7D9CE121771E3F0011C9E5 /* SampleCollectionVIew */;
			targetProxy = 5C7D9D0221771E410011C9E5 /* PBXContainerItemProxy */;
		};
/* End PBXTargetDependency section */

/* Begin PBXVariantGroup section */
		5C7D9CE921771E3F0011C9E5 /* Main.storyboard */ = {
			isa = PBXVariantGroup;
			children = (
				5C7D9CEA21771E3F0011C9E5 /* Base */,
			);
			name = Main.storyboard;
			sourceTree = "<group>";
		};
		5C7D9CEE21771E410011C9E5 /* LaunchScreen.storyboard */ = {
			isa = PBXVariantGroup;
			children = (
				5C7D9CEF21771E410011C9E5 /* Base */,
			);
			name = LaunchScreen.storyboard;
			sourceTree = "<group>";
		};
/* End PBXVariantGroup section */

/* Begin XCBuildConfiguration section */
		5C7D9D0821771E410011C9E5 /* Debug */ = {
			isa = XCBuildConfiguration;
			buildSettings = {
				ALWAYS_SEARCH_USER_PATHS = NO;
				CLANG_ANALYZER_NONNULL = YES;
				CLANG_ANALYZER_NUMBER_OBJECT_CONVERSION = YES_AGGRESSIVE;
				CLANG_CXX_LANGUAGE_STANDARD = "gnu++14";
				CLANG_CXX_LIBRARY = "libc++";
				CLANG_ENABLE_MODULES = YES;
				CLANG_ENABLE_OBJC_ARC = YES;
				CLANG_ENABLE_OBJC_WEAK = YES;
				CLANG_WARN_BLOCK_CAPTURE_AUTORELEASING = YES;
				CLANG_WARN_BOOL_CONVERSION = YES;
				CLANG_WARN_COMMA = YES;
				CLANG_WARN_CONSTANT_CONVERSION = YES;
				CLANG_WARN_DEPRECATED_OBJC_IMPLEMENTATIONS = YES;
				CLANG_WARN_DIRECT_OBJC_ISA_USAGE = YES_ERROR;
				CLANG_WARN_DOCUMENTATION_COMMENTS = YES;
				CLANG_WARN_EMPTY_BODY = YES;
				CLANG_WARN_ENUM_CONVERSION = YES;
				CLANG_WARN_INFINITE_RECURSION = YES;
				CLANG_WARN_INT_CONVERSION = YES;
				CLANG_WARN_NON_LITERAL_NULL_CONVERSION = YES;
				CLANG_WARN_OBJC_IMPLICIT_RETAIN_SELF = YES;
				CLANG_WARN_OBJC_LITERAL_CONVERSION = YES;
				CLANG_WARN_OBJC_ROOT_CLASS = YES_ERROR;
				CLANG_WARN_RANGE_LOOP_ANALYSIS = YES;
				CLANG_WARN_STRICT_PROTOTYPES = YES;
				CLANG_WARN_SUSPICIOUS_MOVE = YES;
				CLANG_WARN_UNGUARDED_AVAILABILITY = YES_AGGRESSIVE;
				CLANG_WARN_UNREACHABLE_CODE = YES;
				CLANG_WARN__DUPLICATE_METHOD_MATCH = YES;
				CODE_SIGN_IDENTITY = "iPhone Developer";
				COPY_PHASE_STRIP = NO;
				DEBUG_INFORMATION_FORMAT = dwarf;
				ENABLE_STRICT_OBJC_MSGSEND = YES;
				ENABLE_TESTABILITY = YES;
				GCC_C_LANGUAGE_STANDARD = gnu11;
				GCC_DYNAMIC_NO_PIC = NO;
				GCC_NO_COMMON_BLOCKS = YES;
				GCC_OPTIMIZATION_LEVEL = 0;
				GCC_PREPROCESSOR_DEFINITIONS = (
					"DEBUG=1",
					"$(inherited)",
				);
				GCC_WARN_64_TO_32_BIT_CONVERSION = YES;
				GCC_WARN_ABOUT_RETURN_TYPE = YES_ERROR;
				GCC_WARN_UNDECLARED_SELECTOR = YES;
				GCC_WARN_UNINITIALIZED_AUTOS = YES_AGGRESSIVE;
				GCC_WARN_UNUSED_FUNCTION = YES;
				GCC_WARN_UNUSED_VARIABLE = YES;
				IPHONEOS_DEPLOYMENT_TARGET = 12.0;
				MTL_ENABLE_DEBUG_INFO = INCLUDE_SOURCE;
				MTL_FAST_MATH = YES;
				ONLY_ACTIVE_ARCH = YES;
				SDKROOT = iphoneos;
				SWIFT_ACTIVE_COMPILATION_CONDITIONS = DEBUG;
				SWIFT_OPTIMIZATION_LEVEL = "-Onone";
			};
			name = Debug;
		};
		5C7D9D0921771E410011C9E5 /* Release */ = {
			isa = XCBuildConfiguration;
			buildSettings = {
				ALWAYS_SEARCH_USER_PATHS = NO;
				CLANG_ANALYZER_NONNULL = YES;
				CLANG_ANALYZER_NUMBER_OBJECT_CONVERSION = YES_AGGRESSIVE;
				CLANG_CXX_LANGUAGE_STANDARD = "gnu++14";
				CLANG_CXX_LIBRARY = "libc++";
				CLANG_ENABLE_MODULES = YES;
				CLANG_ENABLE_OBJC_ARC = YES;
				CLANG_ENABLE_OBJC_WEAK = YES;
				CLANG_WARN_BLOCK_CAPTURE_AUTORELEASING = YES;
				CLANG_WARN_BOOL_CONVERSION = YES;
				CLANG_WARN_COMMA = YES;
				CLANG_WARN_CONSTANT_CONVERSION = YES;
				CLANG_WARN_DEPRECATED_OBJC_IMPLEMENTATIONS = YES;
				CLANG_WARN_DIRECT_OBJC_ISA_USAGE = YES_ERROR;
				CLANG_WARN_DOCUMENTATION_COMMENTS = YES;
				CLANG_WARN_EMPTY_BODY = YES;
				CLANG_WARN_ENUM_CONVERSION = YES;
				CLANG_WARN_INFINITE_RECURSION = YES;
				CLANG_WARN_INT_CONVERSION = YES;
				CLANG_WARN_NON_LITERAL_NULL_CONVERSION = YES;
				CLANG_WARN_OBJC_IMPLICIT_RETAIN_SELF = YES;
				CLANG_WARN_OBJC_LITERAL_CONVERSION = YES;
				CLANG_WARN_OBJC_ROOT_CLASS = YES_ERROR;
				CLANG_WARN_RANGE_LOOP_ANALYSIS = YES;
				CLANG_WARN_STRICT_PROTOTYPES = YES;
				CLANG_WARN_SUSPICIOUS_MOVE = YES;
				CLANG_WARN_UNGUARDED_AVAILABILITY = YES_AGGRESSIVE;
				CLANG_WARN_UNREACHABLE_CODE = YES;
				CLANG_WARN__DUPLICATE_METHOD_MATCH = YES;
				CODE_SIGN_IDENTITY = "iPhone Developer";
				COPY_PHASE_STRIP = NO;
				DEBUG_INFORMATION_FORMAT = "dwarf-with-dsym";
				ENABLE_NS_ASSERTIONS = NO;
				ENABLE_STRICT_OBJC_MSGSEND = YES;
				GCC_C_LANGUAGE_STANDARD = gnu11;
				GCC_NO_COMMON_BLOCKS = YES;
				GCC_WARN_64_TO_32_BIT_CONVERSION = YES;
				GCC_WARN_ABOUT_RETURN_TYPE = YES_ERROR;
				GCC_WARN_UNDECLARED_SELECTOR = YES;
				GCC_WARN_UNINITIALIZED_AUTOS = YES_AGGRESSIVE;
				GCC_WARN_UNUSED_FUNCTION = YES;
				GCC_WARN_UNUSED_VARIABLE = YES;
				IPHONEOS_DEPLOYMENT_TARGET = 12.0;
				MTL_ENABLE_DEBUG_INFO = NO;
				MTL_FAST_MATH = YES;
				SDKROOT = iphoneos;
				SWIFT_COMPILATION_MODE = wholemodule;
				SWIFT_OPTIMIZATION_LEVEL = "-O";
				VALIDATE_PRODUCT = YES;
			};
			name = Release;
		};
		5C7D9D0B21771E410011C9E5 /* Debug */ = {
			isa = XCBuildConfiguration;
			buildSettings = {
				ASSETCATALOG_COMPILER_APPICON_NAME = AppIcon;
				CODE_SIGN_STYLE = Automatic;
				DEVELOPMENT_TEAM = HF8932USUA;
				INFOPLIST_FILE = SampleCollectionVIew/Info.plist;
				LD_RUNPATH_SEARCH_PATHS = (
					"$(inherited)",
					"@executable_path/Frameworks",
				);
				PRODUCT_BUNDLE_IDENTIFIER = none.SampleCollectionVIew;
				PRODUCT_NAME = "$(TARGET_NAME)";
				SWIFT_VERSION = 4.2;
				TARGETED_DEVICE_FAMILY = "1,2";
			};
			name = Debug;
		};
		5C7D9D0C21771E410011C9E5 /* Release */ = {
			isa = XCBuildConfiguration;
			buildSettings = {
				ASSETCATALOG_COMPILER_APPICON_NAME = AppIcon;
				CODE_SIGN_STYLE = Automatic;
				DEVELOPMENT_TEAM = HF8932USUA;
				INFOPLIST_FILE = SampleCollectionVIew/Info.plist;
				LD_RUNPATH_SEARCH_PATHS = (
					"$(inherited)",
					"@executable_path/Frameworks",
				);
				PRODUCT_BUNDLE_IDENTIFIER = none.SampleCollectionVIew;
				PRODUCT_NAME = "$(TARGET_NAME)";
				SWIFT_VERSION = 4.2;
				TARGETED_DEVICE_FAMILY = "1,2";
			};
			name = Release;
		};
		5C7D9D0E21771E410011C9E5 /* Debug */ = {
			isa = XCBuildConfiguration;
			buildSettings = {
				ALWAYS_EMBED_SWIFT_STANDARD_LIBRARIES = YES;
				BUNDLE_LOADER = "$(TEST_HOST)";
				CODE_SIGN_STYLE = Automatic;
				DEVELOPMENT_TEAM = KP2474JSD4;
				INFOPLIST_FILE = SampleCollectionVIewTests/Info.plist;
				LD_RUNPATH_SEARCH_PATHS = (
					"$(inherited)",
					"@executable_path/Frameworks",
					"@loader_path/Frameworks",
				);
				PRODUCT_BUNDLE_IDENTIFIER = none.SampleCollectionVIewTests;
				PRODUCT_NAME = "$(TARGET_NAME)";
				SWIFT_VERSION = 4.2;
				TARGETED_DEVICE_FAMILY = "1,2";
				TEST_HOST = "$(BUILT_PRODUCTS_DIR)/SampleCollectionVIew.app/SampleCollectionVIew";
			};
			name = Debug;
		};
		5C7D9D0F21771E410011C9E5 /* Release */ = {
			isa = XCBuildConfiguration;
			buildSettings = {
				ALWAYS_EMBED_SWIFT_STANDARD_LIBRARIES = YES;
				BUNDLE_LOADER = "$(TEST_HOST)";
				CODE_SIGN_STYLE = Automatic;
				DEVELOPMENT_TEAM = KP2474JSD4;
				INFOPLIST_FILE = SampleCollectionVIewTests/Info.plist;
				LD_RUNPATH_SEARCH_PATHS = (
					"$(inherited)",
					"@executable_path/Frameworks",
					"@loader_path/Frameworks",
				);
				PRODUCT_BUNDLE_IDENTIFIER = none.SampleCollectionVIewTests;
				PRODUCT_NAME = "$(TARGET_NAME)";
				SWIFT_VERSION = 4.2;
				TARGETED_DEVICE_FAMILY = "1,2";
				TEST_HOST = "$(BUILT_PRODUCTS_DIR)/SampleCollectionVIew.app/SampleCollectionVIew";
			};
			name = Release;
		};
		5C7D9D1121771E410011C9E5 /* Debug */ = {
			isa = XCBuildConfiguration;
			buildSettings = {
				ALWAYS_EMBED_SWIFT_STANDARD_LIBRARIES = YES;
				CODE_SIGN_STYLE = Automatic;
				DEVELOPMENT_TEAM = KP2474JSD4;
				INFOPLIST_FILE = SampleCollectionVIewUITests/Info.plist;
				LD_RUNPATH_SEARCH_PATHS = (
					"$(inherited)",
					"@executable_path/Frameworks",
					"@loader_path/Frameworks",
				);
				PRODUCT_BUNDLE_IDENTIFIER = none.SampleCollectionVIewUITests;
				PRODUCT_NAME = "$(TARGET_NAME)";
				SWIFT_VERSION = 4.2;
				TARGETED_DEVICE_FAMILY = "1,2";
				TEST_TARGET_NAME = SampleCollectionVIew;
			};
			name = Debug;
		};
		5C7D9D1221771E410011C9E5 /* Release */ = {
			isa = XCBuildConfiguration;
			buildSettings = {
				ALWAYS_EMBED_SWIFT_STANDARD_LIBRARIES = YES;
				CODE_SIGN_STYLE = Automatic;
				DEVELOPMENT_TEAM = KP2474JSD4;
				INFOPLIST_FILE = SampleCollectionVIewUITests/Info.plist;
				LD_RUNPATH_SEARCH_PATHS = (
					"$(inherited)",
					"@executable_path/Frameworks",
					"@loader_path/Frameworks",
				);
				PRODUCT_BUNDLE_IDENTIFIER = none.SampleCollectionVIewUITests;
				PRODUCT_NAME = "$(TARGET_NAME)";
				SWIFT_VERSION = 4.2;
				TARGETED_DEVICE_FAMILY = "1,2";
				TEST_TARGET_NAME = SampleCollectionVIew;
			};
			name = Release;
		};
/* End XCBuildConfiguration section */

/* Begin XCConfigurationList section */
		5C7D9CDD21771E3F0011C9E5 /* Build configuration list for PBXProject "SampleCollectionVIew" */ = {
			isa = XCConfigurationList;
			buildConfigurations = (
				5C7D9D0821771E410011C9E5 /* Debug */,
				5C7D9D0921771E410011C9E5 /* Release */,
			);
			defaultConfigurationIsVisible = 0;
			defaultConfigurationName = Release;
		};
		5C7D9D0A21771E410011C9E5 /* Build configuration list for PBXNativeTarget "SampleCollectionVIew" */ = {
			isa = XCConfigurationList;
			buildConfigurations = (
				5C7D9D0B21771E410011C9E5 /* Debug */,
				5C7D9D0C21771E410011C9E5 /* Release */,
			);
			defaultConfigurationIsVisible = 0;
			defaultConfigurationName = Release;
		};
		5C7D9D0D21771E410011C9E5 /* Build configuration list for PBXNativeTarget "SampleCollectionVIewTests" */ = {
			isa = XCConfigurationList;
			buildConfigurations = (
				5C7D9D0E21771E410011C9E5 /* Debug */,
				5C7D9D0F21771E410011C9E5 /* Release */,
			);
			defaultConfigurationIsVisible = 0;
			defaultConfigurationName = Release;
		};
		5C7D9D1021771E410011C9E5 /* Build configuration list for PBXNativeTarget "SampleCollectionVIewUITests" */ = {
			isa = XCConfigurationList;
			buildConfigurations = (
				5C7D9D1121771E410011C9E5 /* Debug */,
				5C7D9D1221771E410011C9E5 /* Release */,
			);
			defaultConfigurationIsVisible = 0;
			defaultConfigurationName = Release;
		};
/* End XCConfigurationList section */
	};
	rootObject = 5C7D9CDA21771E3F0011C9E5 /* Project object */;
}
